
Microsoft Visual Studio Solution File, Format Version 12.00
# Visual Studio Version 16
VisualStudioVersion = 16.0.32228.343
MinimumVisualStudioVersion = 10.0.40219.1
Project("{FAE04EC0-301F-11D3-BF4B-00C04F79EFBC}") = "SudokuSolverApp", "SudokuSolverApp\SudokuSolverApp.csproj", "{459DAD68-8568-4050-924F-0216B52A1FAE}"
EndProject
Global
	GlobalSection(SolutionConfigurationPlatforms) = preSolution
		Debug|Any CPU = Debug|Any CPU
		Release|Any CPU = Release|Any CPU
	EndGlobalSection
	GlobalSection(ProjectConfigurationPlatforms) = postSolution
		{459DAD68-8568-4050-924F-0216B52A1FAE}.Debug|Any CPU.ActiveCfg = Debug|Any CPU
		{459DAD68-8568-4050-924F-0216B52A1FAE}.Debug|Any CPU.Build.0 = Debug|Any CPU
		{459DAD68-8568-4050-924F-0216B52A1FAE}.Release|Any CPU.ActiveCfg = Release|Any CPU
		{459DAD68-8568-4050-924F-0216B52A1FAE}.Release|Any CPU.Build.0 = Release|Any CPU
	EndGlobalSection
	GlobalSection(SolutionProperties) = preSolution
		HideSolutionNode = FALSE
	EndGlobalSection
	GlobalSection(ExtensibilityGlobals) = postSolution
		SolutionGuid = {653B012A-A893-4BEF-B1B0-68C2D7F1EC05}
	EndGlobalSection
EndGlobal
